
Microsoft Visual Studio Solution File, Format Version 12.00
# Visual Studio Version 17
VisualStudioVersion = 17.9.34701.34
MinimumVisualStudioVersion = 10.0.40219.1
Project("{FAE04EC0-301F-11D3-BF4B-00C04F79EFBC}") = "OOP_Ilkeleri", "OOP_Ilkeleri\OOP_Ilkeleri.csproj", "{3FA51FB2-B48F-47C9-8F6E-B557DC645418}"
EndProject
Global
	GlobalSection(SolutionConfigurationPlatforms) = preSolution
		Debug|Any CPU = Debug|Any CPU
		Release|Any CPU = Release|Any CPU
	EndGlobalSection
	GlobalSection(ProjectConfigurationPlatforms) = postSolution
		{3FA51FB2-B48F-47C9-8F6E-B557DC645418}.Debug|Any CPU.ActiveCfg = Debug|Any CPU
		{3FA51FB2-B48F-47C9-8F6E-B557DC645418}.Debug|Any CPU.Build.0 = Debug|Any CPU
		{3FA51FB2-B48F-47C9-8F6E-B557DC645418}.Release|Any CPU.ActiveCfg = Release|Any CPU
		{3FA51FB2-B48F-47C9-8F6E-B557DC645418}.Release|Any CPU.Build.0 = Release|Any CPU
	EndGlobalSection
	GlobalSection(SolutionProperties) = preSolution
		HideSolutionNode = FALSE
	EndGlobalSection
	GlobalSection(ExtensibilityGlobals) = postSolution
		SolutionGuid = {3D87F4FC-590C-441C-A5D6-6978373FF833}
	EndGlobalSection
EndGlobal
